
Microsoft Visual Studio Solution File, Format Version 12.00
# Visual Studio Version 16
VisualStudioVersion = 16.0.29728.190
MinimumVisualStudioVersion = 10.0.40219.1
Project("{FAE04EC0-301F-11D3-BF4B-00C04F79EFBC}") = "AccessTernary", "AccessTernary\AccessTernary.csproj", "{DB0DACED-4E59-4DDD-BF74-DCB2499A70FE}"
EndProject
Project("{FAE04EC0-301F-11D3-BF4B-00C04F79EFBC}") = "SalesLibrary", "SalesLibrary\SalesLibrary.csproj", "{1C2100B8-48B4-4E3C-ABC6-C0FF7FB74FC9}"
EndProject
Global
	GlobalSection(SolutionConfigurationPlatforms) = preSolution
		Debug|Any CPU = Debug|Any CPU
		Release|Any CPU = Release|Any CPU
	EndGlobalSection
	GlobalSection(ProjectConfigurationPlatforms) = postSolution
		{DB0DACED-4E59-4DDD-BF74-DCB2499A70FE}.Debug|Any CPU.ActiveCfg = Debug|Any CPU
		{DB0DACED-4E59-4DDD-BF74-DCB2499A70FE}.Debug|Any CPU.Build.0 = Debug|Any CPU
		{DB0DACED-4E59-4DDD-BF74-DCB2499A70FE}.Release|Any CPU.ActiveCfg = Release|Any CPU
		{DB0DACED-4E59-4DDD-BF74-DCB2499A70FE}.Release|Any CPU.Build.0 = Release|Any CPU
		{1C2100B8-48B4-4E3C-ABC6-C0FF7FB74FC9}.Debug|Any CPU.ActiveCfg = Debug|Any CPU
		{1C2100B8-48B4-4E3C-ABC6-C0FF7FB74FC9}.Debug|Any CPU.Build.0 = Debug|Any CPU
		{1C2100B8-48B4-4E3C-ABC6-C0FF7FB74FC9}.Release|Any CPU.ActiveCfg = Release|Any CPU
		{1C2100B8-48B4-4E3C-ABC6-C0FF7FB74FC9}.Release|Any CPU.Build.0 = Release|Any CPU
	EndGlobalSection
	GlobalSection(SolutionProperties) = preSolution
		HideSolutionNode = FALSE
	EndGlobalSection
	GlobalSection(ExtensibilityGlobals) = postSolution
		SolutionGuid = {63789141-0A12-49E2-A4D8-33B7C1C2B727}
	EndGlobalSection
EndGlobal
